
Microsoft Visual Studio Solution File, Format Version 12.00
# Visual Studio Version 17
VisualStudioVersion = 17.0.32002.185
MinimumVisualStudioVersion = 10.0.40219.1
Project("{FAE04EC0-301F-11D3-BF4B-00C04F79EFBC}") = "Git", "Git\Git.csproj", "{4F894773-FEEC-4398-9EDA-4311D0B94E1B}"
EndProject
Global
	GlobalSection(SolutionConfigurationPlatforms) = preSolution
		Debug|Any CPU = Debug|Any CPU
		Release|Any CPU = Release|Any CPU
	EndGlobalSection
	GlobalSection(ProjectConfigurationPlatforms) = postSolution
		{4F894773-FEEC-4398-9EDA-4311D0B94E1B}.Debug|Any CPU.ActiveCfg = Debug|Any CPU
		{4F894773-FEEC-4398-9EDA-4311D0B94E1B}.Debug|Any CPU.Build.0 = Debug|Any CPU
		{4F894773-FEEC-4398-9EDA-4311D0B94E1B}.Release|Any CPU.ActiveCfg = Release|Any CPU
		{4F894773-FEEC-4398-9EDA-4311D0B94E1B}.Release|Any CPU.Build.0 = Release|Any CPU
	EndGlobalSection
	GlobalSection(SolutionProperties) = preSolution
		HideSolutionNode = FALSE
	EndGlobalSection
	GlobalSection(ExtensibilityGlobals) = postSolution
		SolutionGuid = {F1612007-858E-41AB-BBD8-74489A786E74}
	EndGlobalSection
EndGlobal
